
Microsoft Visual Studio Solution File, Format Version 12.00
# Visual Studio Version 17
VisualStudioVersion = 17.7.34024.191
MinimumVisualStudioVersion = 10.0.40219.1
Project("{FAE04EC0-301F-11D3-BF4B-00C04F79EFBC}") = "ChessLibrary", "ChessLibrary.csproj", "{60A95FA2-021E-419C-A3BC-4E0686A15C32}"
EndProject
Global
	GlobalSection(SolutionConfigurationPlatforms) = preSolution
		Debug|Any CPU = Debug|Any CPU
		Release|Any CPU = Release|Any CPU
	EndGlobalSection
	GlobalSection(ProjectConfigurationPlatforms) = postSolution
		{60A95FA2-021E-419C-A3BC-4E0686A15C32}.Debug|Any CPU.ActiveCfg = Debug|Any CPU
		{60A95FA2-021E-419C-A3BC-4E0686A15C32}.Debug|Any CPU.Build.0 = Debug|Any CPU
		{60A95FA2-021E-419C-A3BC-4E0686A15C32}.Release|Any CPU.ActiveCfg = Release|Any CPU
		{60A95FA2-021E-419C-A3BC-4E0686A15C32}.Release|Any CPU.Build.0 = Release|Any CPU
	EndGlobalSection
	GlobalSection(SolutionProperties) = preSolution
		HideSolutionNode = FALSE
	EndGlobalSection
	GlobalSection(ExtensibilityGlobals) = postSolution
		SolutionGuid = {2C34C855-8441-46A6-ADFA-CA159EA80D30}
	EndGlobalSection
EndGlobal
